// !$*UTF8*$!
{
	archiveVersion = 1;
	classes = {
	};
	objectVersion = 56;
	objects = {

/* Begin PBXBuildFile section */
		0E4A5CC82A632DB4007F9739 /* IsraaaView.swift in Sources */ = {isa = PBXBuildFile; fileRef = 0E4A5CC72A632DB4007F9739 /* IsraaaView.swift */; };
		0E4A5CCA2A632E83007F9739 /* ImannView.swift in Sources */ = {isa = PBXBuildFile; fileRef = 0E4A5CC92A632E83007F9739 /* ImannView.swift */; };
		0E4A5CCC2A632E90007F9739 /* AsmaaaView.swift in Sources */ = {isa = PBXBuildFile; fileRef = 0E4A5CCB2A632E90007F9739 /* AsmaaaView.swift */; };
		9E6A2FF62A46FB7800F99DEF /* Git_TestApp.swift in Sources */ = {isa = PBXBuildFile; fileRef = 9E6A2FF52A46FB7800F99DEF /* Git_TestApp.swift */; };
		9E6A2FF82A46FB7900F99DEF /* ContentView.swift in Sources */ = {isa = PBXBuildFile; fileRef = 9E6A2FF72A46FB7900F99DEF /* ContentView.swift */; };
		9E6A2FFA2A46FB7C00F99DEF /* Assets.xcassets in Resources */ = {isa = PBXBuildFile; fileRef = 9E6A2FF92A46FB7C00F99DEF /* Assets.xcassets */; };
		9E6A2FFD2A46FB7C00F99DEF /* Preview Assets.xcassets in Resources */ = {isa = PBXBuildFile; fileRef = 9E6A2FFC2A46FB7C00F99DEF /* Preview Assets.xcassets */; };
/* End PBXBuildFile section */

/* Begin PBXFileReference section */
		0E4A5CC72A632DB4007F9739 /* IsraaaView.swift */ = {isa = PBXFileReference; lastKnownFileType = sourcecode.swift; path = IsraaaView.swift; sourceTree = "<group>"; };
		0E4A5CC92A632E83007F9739 /* ImannView.swift */ = {isa = PBXFileReference; lastKnownFileType = sourcecode.swift; path = ImannView.swift; sourceTree = "<group>"; };
		0E4A5CCB2A632E90007F9739 /* AsmaaaView.swift */ = {isa = PBXFileReference; lastKnownFileType = sourcecode.swift; path = AsmaaaView.swift; sourceTree = "<group>"; };
		9E6A2FF22A46FB7800F99DEF /* Git_Test.app */ = {isa = PBXFileReference; explicitFileType = wrapper.application; includeInIndex = 0; path = Git_Test.app; sourceTree = BUILT_PRODUCTS_DIR; };
		9E6A2FF52A46FB7800F99DEF /* Git_TestApp.swift */ = {isa = PBXFileReference; lastKnownFileType = sourcecode.swift; path = Git_TestApp.swift; sourceTree = "<group>"; };
		9E6A2FF72A46FB7900F99DEF /* ContentView.swift */ = {isa = PBXFileReference; lastKnownFileType = sourcecode.swift; path = ContentView.swift; sourceTree = "<group>"; };
		9E6A2FF92A46FB7C00F99DEF /* Assets.xcassets */ = {isa = PBXFileReference; lastKnownFileType = folder.assetcatalog; path = Assets.xcassets; sourceTree = "<group>"; };
		9E6A2FFC2A46FB7C00F99DEF /* Preview Assets.xcassets */ = {isa = PBXFileReference; lastKnownFileType = folder.assetcatalog; path = "Preview Assets.xcassets"; sourceTree = "<group>"; };
/* End PBXFileReference section */

/* Begin PBXFrameworksBuildPhase section */
		9E6A2FEF2A46FB7800F99DEF /* Frameworks */ = {
			isa = PBXFrameworksBuildPhase;
			buildActionMask = 2147483647;
			files = (
			);
			runOnlyForDeploymentPostprocessing = 0;
		};
/* End PBXFrameworksBuildPhase section */

/* Begin PBXGroup section */
		9E6A2FE92A46FB7800F99DEF = {
			isa = PBXGroup;
			children = (
				9E6A2FF42A46FB7800F99DEF /* Git_Test */,
				9E6A2FF32A46FB7800F99DEF /* Products */,
			);
			sourceTree = "<group>";
		};
		9E6A2FF32A46FB7800F99DEF /* Products */ = {
			isa = PBXGroup;
			children = (
				9E6A2FF22A46FB7800F99DEF /* Git_Test.app */,
			);
			name = Products;
			sourceTree = "<group>";
		};
		9E6A2FF42A46FB7800F99DEF /* Git_Test */ = {
			isa = PBXGroup;
			children = (
				9E6A2FF52A46FB7800F99DEF /* Git_TestApp.swift */,
				9E6A2FF72A46FB7900F99DEF /* ContentView.swift */,
				0E4A5CC72A632DB4007F9739 /* IsraaaView.swift */,
				0E4A5CC92A632E83007F9739 /* ImannView.swift */,
				0E4A5CCB2A632E90007F9739 /* AsmaaaView.swift */,
				9E6A2FF92A46FB7C00F99DEF /* Assets.xcassets */,
				9E6A2FFB2A46FB7C00F99DEF /* Preview Content */,
			);
			path = Git_Test;
			sourceTree = "<group>";
		};
		9E6A2FFB2A46FB7C00F99DEF /* Preview Content */ = {
			isa = PBXGroup;
			children = (
				9E6A2FFC2A46FB7C00F99DEF /* Preview Assets.xcassets */,
			);
			path = "Preview Content";
			sourceTree = "<group>";
		};
/* End PBXGroup section */

/* Begin PBXNativeTarget section */
		9E6A2FF12A46FB7800F99DEF /* Git_Test */ = {
			isa = PBXNativeTarget;
			buildConfigurationList = 9E6A30002A46FB7C00F99DEF /* Build configuration list for PBXNativeTarget "Git_Test" */;
			buildPhases = (
				9E6A2FEE2A46FB7800F99DEF /* Sources */,
				9E6A2FEF2A46FB7800F99DEF /* Frameworks */,
				9E6A2FF02A46FB7800F99DEF /* Resources */,
			);
			buildRules = (
			);
			dependencies = (
			);
			name = Git_Test;
			productName = Git_Test;
			productReference = 9E6A2FF22A46FB7800F99DEF /* Git_Test.app */;
			productType = "com.apple.product-type.application";
		};
/* End PBXNativeTarget section */

/* Begin PBXProject section */
		9E6A2FEA2A46FB7800F99DEF /* Project object */ = {
			isa = PBXProject;
			attributes = {
				BuildIndependentTargetsInParallel = 1;
				LastSwiftUpdateCheck = 1430;
				LastUpgradeCheck = 1430;
				TargetAttributes = {
					9E6A2FF12A46FB7800F99DEF = {
						CreatedOnToolsVersion = 14.3.1;
					};
				};
			};
			buildConfigurationList = 9E6A2FED2A46FB7800F99DEF /* Build configuration list for PBXProject "Git_Test" */;
			compatibilityVersion = "Xcode 14.0";
			developmentRegion = en;
			hasScannedForEncodings = 0;
			knownRegions = (
				en,
				Base,
			);
			mainGroup = 9E6A2FE92A46FB7800F99DEF;
			productRefGroup = 9E6A2FF32A46FB7800F99DEF /* Products */;
			projectDirPath = "";
			projectRoot = "";
			targets = (
				9E6A2FF12A46FB7800F99DEF /* Git_Test */,
			);
		};
/* End PBXProject section */

/* Begin PBXResourcesBuildPhase section */
		9E6A2FF02A46FB7800F99DEF /* Resources */ = {
			isa = PBXResourcesBuildPhase;
			buildActionMask = 2147483647;
			files = (
				9E6A2FFD2A46FB7C00F99DEF /* Preview Assets.xcassets in Resources */,
				9E6A2FFA2A46FB7C00F99DEF /* Assets.xcassets in Resources */,
			);
			runOnlyForDeploymentPostprocessing = 0;
		};
/* End PBXResourcesBuildPhase section */

/* Begin PBXSourcesBuildPhase section */
		9E6A2FEE2A46FB7800F99DEF /* Sources */ = {
			isa = PBXSourcesBuildPhase;
			buildActionMask = 2147483647;
			files = (
				9E6A2FF82A46FB7900F99DEF /* ContentView.swift in Sources */,
				0E4A5CCA2A632E83007F9739 /* ImannView.swift in Sources */,
				0E4A5CCC2A632E90007F9739 /* AsmaaaView.swift in Sources */,
				9E6A2FF62A46FB7800F99DEF /* Git_TestApp.swift in Sources */,
				0E4A5CC82A632DB4007F9739 /* IsraaaView.swift in Sources */,
			);
			runOnlyForDeploymentPostprocessing = 0;
		};
/* End PBXSourcesBuildPhase section */

/* Begin XCBuildConfiguration section */
		9E6A2FFE2A46FB7C00F99DEF /* Debug */ = {
			isa = XCBuildConfiguration;
			buildSettings = {
				ALWAYS_SEARCH_USER_PATHS = NO;
				CLANG_ANALYZER_NONNULL = YES;
				CLANG_ANALYZER_NUMBER_OBJECT_CONVERSION = YES_AGGRESSIVE;
				CLANG_CXX_LANGUAGE_STANDARD = "gnu++20";
				CLANG_ENABLE_MODULES = YES;
				CLANG_ENABLE_OBJC_ARC = YES;
				CLANG_ENABLE_OBJC_WEAK = YES;
				CLANG_WARN_BLOCK_CAPTURE_AUTORELEASING = YES;
				CLANG_WARN_BOOL_CONVERSION = YES;
				CLANG_WARN_COMMA = YES;
				CLANG_WARN_CONSTANT_CONVERSION = YES;
				CLANG_WARN_DEPRECATED_OBJC_IMPLEMENTATIONS = YES;
				CLANG_WARN_DIRECT_OBJC_ISA_USAGE = YES_ERROR;
				CLANG_WARN_DOCUMENTATION_COMMENTS = YES;
				CLANG_WARN_EMPTY_BODY = YES;
				CLANG_WARN_ENUM_CONVERSION = YES;
				CLANG_WARN_INFINITE_RECURSION = YES;
				CLANG_WARN_INT_CONVERSION = YES;
				CLANG_WARN_NON_LITERAL_NULL_CONVERSION = YES;
				CLANG_WARN_OBJC_IMPLICIT_RETAIN_SELF = YES;
				CLANG_WARN_OBJC_LITERAL_CONVERSION = YES;
				CLANG_WARN_OBJC_ROOT_CLASS = YES_ERROR;
				CLANG_WARN_QUOTED_INCLUDE_IN_FRAMEWORK_HEADER = YES;
				CLANG_WARN_RANGE_LOOP_ANALYSIS = YES;
				CLANG_WARN_STRICT_PROTOTYPES = YES;
				CLANG_WARN_SUSPICIOUS_MOVE = YES;
				CLANG_WARN_UNGUARDED_AVAILABILITY = YES_AGGRESSIVE;
				CLANG_WARN_UNREACHABLE_CODE = YES;
				CLANG_WARN__DUPLICATE_METHOD_MATCH = YES;
				COPY_PHASE_STRIP = NO;
				DEBUG_INFORMATION_FORMAT = dwarf;
				ENABLE_STRICT_OBJC_MSGSEND = YES;
				ENABLE_TESTABILITY = YES;
				GCC_C_LANGUAGE_STANDARD = gnu11;
				GCC_DYNAMIC_NO_PIC = NO;
				GCC_NO_COMMON_BLOCKS = YES;
				GCC_OPTIMIZATION_LEVEL = 0;
				GCC_PREPROCESSOR_DEFINITIONS = (
					"DEBUG=1",
					"$(inherited)",
				);
				GCC_WARN_64_TO_32_BIT_CONVERSION = YES;
				GCC_WARN_ABOUT_RETURN_TYPE = YES_ERROR;
				GCC_WARN_UNDECLARED_SELECTOR = YES;
				GCC_WARN_UNINITIALIZED_AUTOS = YES_AGGRESSIVE;
				GCC_WARN_UNUSED_FUNCTION = YES;
				GCC_WARN_UNUSED_VARIABLE = YES;
				IPHONEOS_DEPLOYMENT_TARGET = 16.4;
				MTL_ENABLE_DEBUG_INFO = INCLUDE_SOURCE;
				MTL_FAST_MATH = YES;
				ONLY_ACTIVE_ARCH = YES;
				SDKROOT = iphoneos;
				SWIFT_ACTIVE_COMPILATION_CONDITIONS = DEBUG;
				SWIFT_OPTIMIZATION_LEVEL = "-Onone";
			};
			name = Debug;
		};
		9E6A2FFF2A46FB7C00F99DEF /* Release */ = {
			isa = XCBuildConfiguration;
			buildSettings = {
				ALWAYS_SEARCH_USER_PATHS = NO;
				CLANG_ANALYZER_NONNULL = YES;
				CLANG_ANALYZER_NUMBER_OBJECT_CONVERSION = YES_AGGRESSIVE;
				CLANG_CXX_LANGUAGE_STANDARD = "gnu++20";
				CLANG_ENABLE_MODULES = YES;
				CLANG_ENABLE_OBJC_ARC = YES;
				CLANG_ENABLE_OBJC_WEAK = YES;
				CLANG_WARN_BLOCK_CAPTURE_AUTORELEASING = YES;
				CLANG_WARN_BOOL_CONVERSION = YES;
				CLANG_WARN_COMMA = YES;
				CLANG_WARN_CONSTANT_CONVERSION = YES;
				CLANG_WARN_DEPRECATED_OBJC_IMPLEMENTATIONS = YES;
				CLANG_WARN_DIRECT_OBJC_ISA_USAGE = YES_ERROR;
				CLANG_WARN_DOCUMENTATION_COMMENTS = YES;
				CLANG_WARN_EMPTY_BODY = YES;
				CLANG_WARN_ENUM_CONVERSION = YES;
				CLANG_WARN_INFINITE_RECURSION = YES;
				CLANG_WARN_INT_CONVERSION = YES;
				CLANG_WARN_NON_LITERAL_NULL_CONVERSION = YES;
				CLANG_WARN_OBJC_IMPLICIT_RETAIN_SELF = YES;
				CLANG_WARN_OBJC_LITERAL_CONVERSION = YES;
				CLANG_WARN_OBJC_ROOT_CLASS = YES_ERROR;
				CLANG_WARN_QUOTED_INCLUDE_IN_FRAMEWORK_HEADER = YES;
				CLANG_WARN_RANGE_LOOP_ANALYSIS = YES;
				CLANG_WARN_STRICT_PROTOTYPES = YES;
				CLANG_WARN_SUSPICIOUS_MOVE = YES;
				CLANG_WARN_UNGUARDED_AVAILABILITY = YES_AGGRESSIVE;
				CLANG_WARN_UNREACHABLE_CODE = YES;
				CLANG_WARN__DUPLICATE_METHOD_MATCH = YES;
				COPY_PHASE_STRIP = NO;
				DEBUG_INFORMATION_FORMAT = "dwarf-with-dsym";
				ENABLE_NS_ASSERTIONS = NO;
				ENABLE_STRICT_OBJC_MSGSEND = YES;
				GCC_C_LANGUAGE_STANDARD = gnu11;
				GCC_NO_COMMON_BLOCKS = YES;
				GCC_WARN_64_TO_32_BIT_CONVERSION = YES;
				GCC_WARN_ABOUT_RETURN_TYPE = YES_ERROR;
				GCC_WARN_UNDECLARED_SELECTOR = YES;
				GCC_WARN_UNINITIALIZED_AUTOS = YES_AGGRESSIVE;
				GCC_WARN_UNUSED_FUNCTION = YES;
				GCC_WARN_UNUSED_VARIABLE = YES;
				IPHONEOS_DEPLOYMENT_TARGET = 16.4;
				MTL_ENABLE_DEBUG_INFO = NO;
				MTL_FAST_MATH = YES;
				SDKROOT = iphoneos;
				SWIFT_COMPILATION_MODE = wholemodule;
				SWIFT_OPTIMIZATION_LEVEL = "-O";
				VALIDATE_PRODUCT = YES;
			};
			name = Release;
		};
		9E6A30012A46FB7C00F99DEF /* Debug */ = {
			isa = XCBuildConfiguration;
			buildSettings = {
				ASSETCATALOG_COMPILER_APPICON_NAME = AppIcon;
				ASSETCATALOG_COMPILER_GLOBAL_ACCENT_COLOR_NAME = AccentColor;
				CODE_SIGN_STYLE = Automatic;
				CURRENT_PROJECT_VERSION = 1;
				DEVELOPMENT_ASSET_PATHS = "\"Git_Test/Preview Content\"";
				DEVELOPMENT_TEAM = X8JR4655ZV;
				ENABLE_PREVIEWS = YES;
				GENERATE_INFOPLIST_FILE = YES;
				INFOPLIST_KEY_UIApplicationSceneManifest_Generation = YES;
				INFOPLIST_KEY_UIApplicationSupportsIndirectInputEvents = YES;
				INFOPLIST_KEY_UILaunchScreen_Generation = YES;
				INFOPLIST_KEY_UISupportedInterfaceOrientations_iPad = "UIInterfaceOrientationPortrait UIInterfaceOrientationPortraitUpsideDown UIInterfaceOrientationLandscapeLeft UIInterfaceOrientationLandscapeRight";
				INFOPLIST_KEY_UISupportedInterfaceOrientations_iPhone = "UIInterfaceOrientationPortrait UIInterfaceOrientationLandscapeLeft UIInterfaceOrientationLandscapeRight";
				LD_RUNPATH_SEARCH_PATHS = (
					"$(inherited)",
					"@executable_path/Frameworks",
				);
				MARKETING_VERSION = 1.0;
				PRODUCT_BUNDLE_IDENTIFIER = "com.Ameur.Git-Test";
				PRODUCT_NAME = "$(TARGET_NAME)";
				SWIFT_EMIT_LOC_STRINGS = YES;
				SWIFT_VERSION = 5.0;
				TARGETED_DEVICE_FAMILY = "1,2";
			};
			name = Debug;
		};
		9E6A30022A46FB7C00F99DEF /* Release */ = {
			isa = XCBuildConfiguration;
			buildSettings = {
				ASSETCATALOG_COMPILER_APPICON_NAME = AppIcon;
				ASSETCATALOG_COMPILER_GLOBAL_ACCENT_COLOR_NAME = AccentColor;
				CODE_SIGN_STYLE = Automatic;
				CURRENT_PROJECT_VERSION = 1;
				DEVELOPMENT_ASSET_PATHS = "\"Git_Test/Preview Content\"";
				DEVELOPMENT_TEAM = X8JR4655ZV;
				ENABLE_PREVIEWS = YES;
				GENERATE_INFOPLIST_FILE = YES;
				INFOPLIST_KEY_UIApplicationSceneManifest_Generation = YES;
				INFOPLIST_KEY_UIApplicationSupportsIndirectInputEvents = YES;
				INFOPLIST_KEY_UILaunchScreen_Generation = YES;
				INFOPLIST_KEY_UISupportedInterfaceOrientations_iPad = "UIInterfaceOrientationPortrait UIInterfaceOrientationPortraitUpsideDown UIInterfaceOrientationLandscapeLeft UIInterfaceOrientationLandscapeRight";
				INFOPLIST_KEY_UISupportedInterfaceOrientations_iPhone = "UIInterfaceOrientationPortrait UIInterfaceOrientationLandscapeLeft UIInterfaceOrientationLandscapeRight";
				LD_RUNPATH_SEARCH_PATHS = (
					"$(inherited)",
					"@executable_path/Frameworks",
				);
				MARKETING_VERSION = 1.0;
				PRODUCT_BUNDLE_IDENTIFIER = "com.Ameur.Git-Test";
				PRODUCT_NAME = "$(TARGET_NAME)";
				SWIFT_EMIT_LOC_STRINGS = YES;
				SWIFT_VERSION = 5.0;
				TARGETED_DEVICE_FAMILY = "1,2";
			};
			name = Release;
		};
/* End XCBuildConfiguration section */

/* Begin XCConfigurationList section */
		9E6A2FED2A46FB7800F99DEF /* Build configuration list for PBXProject "Git_Test" */ = {
			isa = XCConfigurationList;
			buildConfigurations = (
				9E6A2FFE2A46FB7C00F99DEF /* Debug */,
				9E6A2FFF2A46FB7C00F99DEF /* Release */,
			);
			defaultConfigurationIsVisible = 0;
			defaultConfigurationName = Release;
		};
		9E6A30002A46FB7C00F99DEF /* Build configuration list for PBXNativeTarget "Git_Test" */ = {
			isa = XCConfigurationList;
			buildConfigurations = (
				9E6A30012A46FB7C00F99DEF /* Debug */,
				9E6A30022A46FB7C00F99DEF /* Release */,
			);
			defaultConfigurationIsVisible = 0;
			defaultConfigurationName = Release;
		};
/* End XCConfigurationList section */
	};
	rootObject = 9E6A2FEA2A46FB7800F99DEF /* Project object */;
}
